// !$*UTF8*$!
{
	archiveVersion = 1;
	classes = {
	};
	objectVersion = 50;
	objects = {

/* Begin PBXBuildFile section */
		EB032A1521B5A338002FA159 /* AppDelegate.swift in Sources */ = {isa = PBXBuildFile; fileRef = EB032A1421B5A338002FA159 /* AppDelegate.swift */; };
		EB032A1A21B5A338002FA159 /* Main.storyboard in Resources */ = {isa = PBXBuildFile; fileRef = EB032A1821B5A338002FA159 /* Main.storyboard */; };
		EB032A1C21B5A33B002FA159 /* Assets.xcassets in Resources */ = {isa = PBXBuildFile; fileRef = EB032A1B21B5A33B002FA159 /* Assets.xcassets */; };
		EB032A1F21B5A33B002FA159 /* LaunchScreen.storyboard in Resources */ = {isa = PBXBuildFile; fileRef = EB032A1D21B5A33B002FA159 /* LaunchScreen.storyboard */; };
		EB032A2921B5A372002FA159 /* Student.swift in Sources */ = {isa = PBXBuildFile; fileRef = EB032A2821B5A372002FA159 /* Student.swift */; };
		EB032A2B21B5A3A9002FA159 /* NetworkClient.swift in Sources */ = {isa = PBXBuildFile; fileRef = EB032A2A21B5A3A9002FA159 /* NetworkClient.swift */; };
		EB032A2E21B5AE49002FA159 /* StudentTableViewController.swift in Sources */ = {isa = PBXBuildFile; fileRef = EB032A2D21B5AE49002FA159 /* StudentTableViewController.swift */; };
		EB032A3021B5AE5F002FA159 /* MainViewController.swift in Sources */ = {isa = PBXBuildFile; fileRef = EB032A2F21B5AE5F002FA159 /* MainViewController.swift */; };
/* End PBXBuildFile section */

/* Begin PBXFileReference section */
		EB032A1121B5A338002FA159 /* Student Networking.app */ = {isa = PBXFileReference; explicitFileType = wrapper.application; includeInIndex = 0; path = "Student Networking.app"; sourceTree = BUILT_PRODUCTS_DIR; };
		EB032A1421B5A338002FA159 /* AppDelegate.swift */ = {isa = PBXFileReference; lastKnownFileType = sourcecode.swift; path = AppDelegate.swift; sourceTree = "<group>"; };
		EB032A1921B5A338002FA159 /* Base */ = {isa = PBXFileReference; lastKnownFileType = file.storyboard; name = Base; path = Base.lproj/Main.storyboard; sourceTree = "<group>"; };
		EB032A1B21B5A33B002FA159 /* Assets.xcassets */ = {isa = PBXFileReference; lastKnownFileType = folder.assetcatalog; path = Assets.xcassets; sourceTree = "<group>"; };
		EB032A1E21B5A33B002FA159 /* Base */ = {isa = PBXFileReference; lastKnownFileType = file.storyboard; name = Base; path = Base.lproj/LaunchScreen.storyboard; sourceTree = "<group>"; };
		EB032A2021B5A33B002FA159 /* Info.plist */ = {isa = PBXFileReference; lastKnownFileType = text.plist.xml; path = Info.plist; sourceTree = "<group>"; };
		EB032A2821B5A372002FA159 /* Student.swift */ = {isa = PBXFileReference; lastKnownFileType = sourcecode.swift; path = Student.swift; sourceTree = "<group>"; };
		EB032A2A21B5A3A9002FA159 /* NetworkClient.swift */ = {isa = PBXFileReference; lastKnownFileType = sourcecode.swift; path = NetworkClient.swift; sourceTree = "<group>"; };
		EB032A2D21B5AE49002FA159 /* StudentTableViewController.swift */ = {isa = PBXFileReference; lastKnownFileType = sourcecode.swift; path = StudentTableViewController.swift; sourceTree = "<group>"; };
		EB032A2F21B5AE5F002FA159 /* MainViewController.swift */ = {isa = PBXFileReference; lastKnownFileType = sourcecode.swift; path = MainViewController.swift; sourceTree = "<group>"; };
/* End PBXFileReference section */

/* Begin PBXFrameworksBuildPhase section */
		EB032A0E21B5A338002FA159 /* Frameworks */ = {
			isa = PBXFrameworksBuildPhase;
			buildActionMask = 2147483647;
			files = (
			);
			runOnlyForDeploymentPostprocessing = 0;
		};
/* End PBXFrameworksBuildPhase section */

/* Begin PBXGroup section */
		EB032A0821B5A338002FA159 = {
			isa = PBXGroup;
			children = (
				EB032A1321B5A338002FA159 /* Student Networking */,
				EB032A1221B5A338002FA159 /* Products */,
			);
			sourceTree = "<group>";
		};
		EB032A1221B5A338002FA159 /* Products */ = {
			isa = PBXGroup;
			children = (
				EB032A1121B5A338002FA159 /* Student Networking.app */,
			);
			name = Products;
			sourceTree = "<group>";
		};
		EB032A1321B5A338002FA159 /* Student Networking */ = {
			isa = PBXGroup;
			children = (
				EB032A2C21B5AE23002FA159 /* View Controller */,
				EB032A2721B5A351002FA159 /* Networking */,
				EB032A2621B5A348002FA159 /* Model */,
				EB032A1421B5A338002FA159 /* AppDelegate.swift */,
				EB032A1821B5A338002FA159 /* Main.storyboard */,
				EB032A1B21B5A33B002FA159 /* Assets.xcassets */,
				EB032A1D21B5A33B002FA159 /* LaunchScreen.storyboard */,
				EB032A2021B5A33B002FA159 /* Info.plist */,
			);
			path = "Student Networking";
			sourceTree = "<group>";
		};
		EB032A2621B5A348002FA159 /* Model */ = {
			isa = PBXGroup;
			children = (
				EB032A2821B5A372002FA159 /* Student.swift */,
			);
			path = Model;
			sourceTree = "<group>";
		};
		EB032A2721B5A351002FA159 /* Networking */ = {
			isa = PBXGroup;
			children = (
				EB032A2A21B5A3A9002FA159 /* NetworkClient.swift */,
			);
			path = Networking;
			sourceTree = "<group>";
		};
		EB032A2C21B5AE23002FA159 /* View Controller */ = {
			isa = PBXGroup;
			children = (
				EB032A2D21B5AE49002FA159 /* StudentTableViewController.swift */,
				EB032A2F21B5AE5F002FA159 /* MainViewController.swift */,
			);
			path = "View Controller";
			sourceTree = "<group>";
		};
/* End PBXGroup section */

/* Begin PBXNativeTarget section */
		EB032A1021B5A338002FA159 /* Student Networking */ = {
			isa = PBXNativeTarget;
			buildConfigurationList = EB032A2321B5A33B002FA159 /* Build configuration list for PBXNativeTarget "Student Networking" */;
			buildPhases = (
				EB032A0D21B5A338002FA159 /* Sources */,
				EB032A0E21B5A338002FA159 /* Frameworks */,
				EB032A0F21B5A338002FA159 /* Resources */,
			);
			buildRules = (
			);
			dependencies = (
			);
			name = "Student Networking";
			productName = "Student Networking";
			productReference = EB032A1121B5A338002FA159 /* Student Networking.app */;
			productType = "com.apple.product-type.application";
		};
/* End PBXNativeTarget section */

/* Begin PBXProject section */
		EB032A0921B5A338002FA159 /* Project object */ = {
			isa = PBXProject;
			attributes = {
				LastSwiftUpdateCheck = 1010;
				LastUpgradeCheck = 1010;
				ORGANIZATIONNAME = "Iyin Raphael";
				TargetAttributes = {
					EB032A1021B5A338002FA159 = {
						CreatedOnToolsVersion = 10.1;
					};
				};
			};
			buildConfigurationList = EB032A0C21B5A338002FA159 /* Build configuration list for PBXProject "Student Networking" */;
			compatibilityVersion = "Xcode 9.3";
			developmentRegion = en;
			hasScannedForEncodings = 0;
			knownRegions = (
				en,
				Base,
			);
			mainGroup = EB032A0821B5A338002FA159;
			productRefGroup = EB032A1221B5A338002FA159 /* Products */;
			projectDirPath = "";
			projectRoot = "";
			targets = (
				EB032A1021B5A338002FA159 /* Student Networking */,
			);
		};
/* End PBXProject section */

/* Begin PBXResourcesBuildPhase section */
		EB032A0F21B5A338002FA159 /* Resources */ = {
			isa = PBXResourcesBuildPhase;
			buildActionMask = 2147483647;
			files = (
				EB032A1F21B5A33B002FA159 /* LaunchScreen.storyboard in Resources */,
				EB032A1C21B5A33B002FA159 /* Assets.xcassets in Resources */,
				EB032A1A21B5A338002FA159 /* Main.storyboard in Resources */,
			);
			runOnlyForDeploymentPostprocessing = 0;
		};
/* End PBXResourcesBuildPhase section */

/* Begin PBXSourcesBuildPhase section */
		EB032A0D21B5A338002FA159 /* Sources */ = {
			isa = PBXSourcesBuildPhase;
			buildActionMask = 2147483647;
			files = (
				EB032A2921B5A372002FA159 /* Student.swift in Sources */,
				EB032A1521B5A338002FA159 /* AppDelegate.swift in Sources */,
				EB032A2E21B5AE49002FA159 /* StudentTableViewController.swift in Sources */,
				EB032A2B21B5A3A9002FA159 /* NetworkClient.swift in Sources */,
				EB032A3021B5AE5F002FA159 /* MainViewController.swift in Sources */,
			);
			runOnlyForDeploymentPostprocessing = 0;
		};
/* End PBXSourcesBuildPhase section */

/* Begin PBXVariantGroup section */
		EB032A1821B5A338002FA159 /* Main.storyboard */ = {
			isa = PBXVariantGroup;
			children = (
				EB032A1921B5A338002FA159 /* Base */,
			);
			name = Main.storyboard;
			sourceTree = "<group>";
		};
		EB032A1D21B5A33B002FA159 /* LaunchScreen.storyboard */ = {
			isa = PBXVariantGroup;
			children = (
				EB032A1E21B5A33B002FA159 /* Base */,
			);
			name = LaunchScreen.storyboard;
			sourceTree = "<group>";
		};
/* End PBXVariantGroup section */

/* Begin XCBuildConfiguration section */
		EB032A2121B5A33B002FA159 /* Debug */ = {
			isa = XCBuildConfiguration;
			buildSettings = {
				ALWAYS_SEARCH_USER_PATHS = NO;
				CLANG_ANALYZER_NONNULL = YES;
				CLANG_ANALYZER_NUMBER_OBJECT_CONVERSION = YES_AGGRESSIVE;
				CLANG_CXX_LANGUAGE_STANDARD = "gnu++14";
				CLANG_CXX_LIBRARY = "libc++";
				CLANG_ENABLE_MODULES = YES;
				CLANG_ENABLE_OBJC_ARC = YES;
				CLANG_ENABLE_OBJC_WEAK = YES;
				CLANG_WARN_BLOCK_CAPTURE_AUTORELEASING = YES;
				CLANG_WARN_BOOL_CONVERSION = YES;
				CLANG_WARN_COMMA = YES;
				CLANG_WARN_CONSTANT_CONVERSION = YES;
				CLANG_WARN_DEPRECATED_OBJC_IMPLEMENTATIONS = YES;
				CLANG_WARN_DIRECT_OBJC_ISA_USAGE = YES_ERROR;
				CLANG_WARN_DOCUMENTATION_COMMENTS = YES;
				CLANG_WARN_EMPTY_BODY = YES;
				CLANG_WARN_ENUM_CONVERSION = YES;
				CLANG_WARN_INFINITE_RECURSION = YES;
				CLANG_WARN_INT_CONVERSION = YES;
				CLANG_WARN_NON_LITERAL_NULL_CONVERSION = YES;
				CLANG_WARN_OBJC_IMPLICIT_RETAIN_SELF = YES;
				CLANG_WARN_OBJC_LITERAL_CONVERSION = YES;
				CLANG_WARN_OBJC_ROOT_CLASS = YES_ERROR;
				CLANG_WARN_RANGE_LOOP_ANALYSIS = YES;
				CLANG_WARN_STRICT_PROTOTYPES = YES;
				CLANG_WARN_SUSPICIOUS_MOVE = YES;
				CLANG_WARN_UNGUARDED_AVAILABILITY = YES_AGGRESSIVE;
				CLANG_WARN_UNREACHABLE_CODE = YES;
				CLANG_WARN__DUPLICATE_METHOD_MATCH = YES;
				CODE_SIGN_IDENTITY = "iPhone Developer";
				COPY_PHASE_STRIP = NO;
				DEBUG_INFORMATION_FORMAT = dwarf;
				ENABLE_STRICT_OBJC_MSGSEND = YES;
				ENABLE_TESTABILITY = YES;
				GCC_C_LANGUAGE_STANDARD = gnu11;
				GCC_DYNAMIC_NO_PIC = NO;
				GCC_NO_COMMON_BLOCKS = YES;
				GCC_OPTIMIZATION_LEVEL = 0;
				GCC_PREPROCESSOR_DEFINITIONS = (
					"DEBUG=1",
					"$(inherited)",
				);
				GCC_WARN_64_TO_32_BIT_CONVERSION = YES;
				GCC_WARN_ABOUT_RETURN_TYPE = YES_ERROR;
				GCC_WARN_UNDECLARED_SELECTOR = YES;
				GCC_WARN_UNINITIALIZED_AUTOS = YES_AGGRESSIVE;
				GCC_WARN_UNUSED_FUNCTION = YES;
				GCC_WARN_UNUSED_VARIABLE = YES;
				IPHONEOS_DEPLOYMENT_TARGET = 12.1;
				MTL_ENABLE_DEBUG_INFO = INCLUDE_SOURCE;
				MTL_FAST_MATH = YES;
				ONLY_ACTIVE_ARCH = YES;
				SDKROOT = iphoneos;
				SWIFT_ACTIVE_COMPILATION_CONDITIONS = DEBUG;
				SWIFT_OPTIMIZATION_LEVEL = "-Onone";
			};
			name = Debug;
		};
		EB032A2221B5A33B002FA159 /* Release */ = {
			isa = XCBuildConfiguration;
			buildSettings = {
				ALWAYS_SEARCH_USER_PATHS = NO;
				CLANG_ANALYZER_NONNULL = YES;
				CLANG_ANALYZER_NUMBER_OBJECT_CONVERSION = YES_AGGRESSIVE;
				CLANG_CXX_LANGUAGE_STANDARD = "gnu++14";
				CLANG_CXX_LIBRARY = "libc++";
				CLANG_ENABLE_MODULES = YES;
				CLANG_ENABLE_OBJC_ARC = YES;
				CLANG_ENABLE_OBJC_WEAK = YES;
				CLANG_WARN_BLOCK_CAPTURE_AUTORELEASING = YES;
				CLANG_WARN_BOOL_CONVERSION = YES;
				CLANG_WARN_COMMA = YES;
				CLANG_WARN_CONSTANT_CONVERSION = YES;
				CLANG_WARN_DEPRECATED_OBJC_IMPLEMENTATIONS = YES;
				CLANG_WARN_DIRECT_OBJC_ISA_USAGE = YES_ERROR;
				CLANG_WARN_DOCUMENTATION_COMMENTS = YES;
				CLANG_WARN_EMPTY_BODY = YES;
				CLANG_WARN_ENUM_CONVERSION = YES;
				CLANG_WARN_INFINITE_RECURSION = YES;
				CLANG_WARN_INT_CONVERSION = YES;
				CLANG_WARN_NON_LITERAL_NULL_CONVERSION = YES;
				CLANG_WARN_OBJC_IMPLICIT_RETAIN_SELF = YES;
				CLANG_WARN_OBJC_LITERAL_CONVERSION = YES;
				CLANG_WARN_OBJC_ROOT_CLASS = YES_ERROR;
				CLANG_WARN_RANGE_LOOP_ANALYSIS = YES;
				CLANG_WARN_STRICT_PROTOTYPES = YES;
				CLANG_WARN_SUSPICIOUS_MOVE = YES;
				CLANG_WARN_UNGUARDED_AVAILABILITY = YES_AGGRESSIVE;
				CLANG_WARN_UNREACHABLE_CODE = YES;
				CLANG_WARN__DUPLICATE_METHOD_MATCH = YES;
				CODE_SIGN_IDENTITY = "iPhone Developer";
				COPY_PHASE_STRIP = NO;
				DEBUG_INFORMATION_FORMAT = "dwarf-with-dsym";
				ENABLE_NS_ASSERTIONS = NO;
				ENABLE_STRICT_OBJC_MSGSEND = YES;
				GCC_C_LANGUAGE_STANDARD = gnu11;
				GCC_NO_COMMON_BLOCKS = YES;
				GCC_WARN_64_TO_32_BIT_CONVERSION = YES;
				GCC_WARN_ABOUT_RETURN_TYPE = YES_ERROR;
				GCC_WARN_UNDECLARED_SELECTOR = YES;
				GCC_WARN_UNINITIALIZED_AUTOS = YES_AGGRESSIVE;
				GCC_WARN_UNUSED_FUNCTION = YES;
				GCC_WARN_UNUSED_VARIABLE = YES;
				IPHONEOS_DEPLOYMENT_TARGET = 12.1;
				MTL_ENABLE_DEBUG_INFO = NO;
				MTL_FAST_MATH = YES;
				SDKROOT = iphoneos;
				SWIFT_COMPILATION_MODE = wholemodule;
				SWIFT_OPTIMIZATION_LEVEL = "-O";
				VALIDATE_PRODUCT = YES;
			};
			name = Release;
		};
		EB032A2421B5A33B002FA159 /* Debug */ = {
			isa = XCBuildConfiguration;
			buildSettings = {
				ASSETCATALOG_COMPILER_APPICON_NAME = AppIcon;
				CODE_SIGN_STYLE = Automatic;
				INFOPLIST_FILE = "Student Networking/Info.plist";
				LD_RUNPATH_SEARCH_PATHS = (
					"$(inherited)",
					"@executable_path/Frameworks",
				);
				PRODUCT_BUNDLE_IDENTIFIER = "com.iyinraphael.Student-Networking";
				PRODUCT_NAME = "$(TARGET_NAME)";
				SWIFT_VERSION = 4.2;
				TARGETED_DEVICE_FAMILY = "1,2";
			};
			name = Debug;
		};
		EB032A2521B5A33B002FA159 /* Release */ = {
			isa = XCBuildConfiguration;
			buildSettings = {
				ASSETCATALOG_COMPILER_APPICON_NAME = AppIcon;
				CODE_SIGN_STYLE = Automatic;
				INFOPLIST_FILE = "Student Networking/Info.plist";
				LD_RUNPATH_SEARCH_PATHS = (
					"$(inherited)",
					"@executable_path/Frameworks",
				);
				PRODUCT_BUNDLE_IDENTIFIER = "com.iyinraphael.Student-Networking";
				PRODUCT_NAME = "$(TARGET_NAME)";
				SWIFT_VERSION = 4.2;
				TARGETED_DEVICE_FAMILY = "1,2";
			};
			name = Release;
		};
/* End XCBuildConfiguration section */

/* Begin XCConfigurationList section */
		EB032A0C21B5A338002FA159 /* Build configuration list for PBXProject "Student Networking" */ = {
			isa = XCConfigurationList;
			buildConfigurations = (
				EB032A2121B5A33B002FA159 /* Debug */,
				EB032A2221B5A33B002FA159 /* Release */,
			);
			defaultConfigurationIsVisible = 0;
			defaultConfigurationName = Release;
		};
		EB032A2321B5A33B002FA159 /* Build configuration list for PBXNativeTarget "Student Networking" */ = {
			isa = XCConfigurationList;
			buildConfigurations = (
				EB032A2421B5A33B002FA159 /* Debug */,
				EB032A2521B5A33B002FA159 /* Release */,
			);
			defaultConfigurationIsVisible = 0;
			defaultConfigurationName = Release;
		};
/* End XCConfigurationList section */
	};
	rootObject = EB032A0921B5A338002FA159 /* Project object */;
}
